
Microsoft Visual Studio Solution File, Format Version 12.00
# Visual Studio Version 17
VisualStudioVersion = 17.6.33829.357
MinimumVisualStudioVersion = 10.0.40219.1
Project("{FAE04EC0-301F-11D3-BF4B-00C04F79EFBC}") = "Payroll.Web", "Payroll.Web\Payroll.Web.csproj", "{6087F7AE-FAEA-4D1B-B2F7-0EBF89B3509C}"
EndProject
Global
	GlobalSection(SolutionConfigurationPlatforms) = preSolution
		Debug|Any CPU = Debug|Any CPU
		Release|Any CPU = Release|Any CPU
	EndGlobalSection
	GlobalSection(ProjectConfigurationPlatforms) = postSolution
		{6087F7AE-FAEA-4D1B-B2F7-0EBF89B3509C}.Debug|Any CPU.ActiveCfg = Debug|Any CPU
		{6087F7AE-FAEA-4D1B-B2F7-0EBF89B3509C}.Debug|Any CPU.Build.0 = Debug|Any CPU
		{6087F7AE-FAEA-4D1B-B2F7-0EBF89B3509C}.Release|Any CPU.ActiveCfg = Release|Any CPU
		{6087F7AE-FAEA-4D1B-B2F7-0EBF89B3509C}.Release|Any CPU.Build.0 = Release|Any CPU
	EndGlobalSection
	GlobalSection(SolutionProperties) = preSolution
		HideSolutionNode = FALSE
	EndGlobalSection
	GlobalSection(ExtensibilityGlobals) = postSolution
		SolutionGuid = {4E19D4EF-C88D-454E-8C35-2E3387346A75}
	EndGlobalSection
EndGlobal
